# This file is automatically @generated by Cargo.
# It is not intended for manual editing.
version = 3

[[package]]
name = "anyhow"
version = "1.0.69"
source = "registry+https://github.com/rust-lang/crates.io-index"
checksum = "224afbd727c3d6e4b90103ece64b8d1b67fbb1973b1046c2281eed3f3803f800"

[[package]]
name = "capnp"
version = "0.16.0"
source = "registry+https://github.com/rust-lang/crates.io-index"
checksum = "35400c6acb55f1a91e6843beca189aba6bccd3c11fae5a7c0288fe5a1c3da822"

[[package]]
name = "workerd-config"
version = "0.1.0"
dependencies = [
 "anyhow",
 "capnp",
]
